// !$*UTF8*$!
{
	archiveVersion = 1;
	classes = {
	};
	objectVersion = 46;
	objects = {

/* Begin PBXBuildFile section */
		FD4184D1198E0E470031B9FF /* Foundation.framework in Frameworks */ = {isa = PBXBuildFile; fileRef = FD4184D0198E0E470031B9FF /* Foundation.framework */; };
		FD4184D3198E0E470031B9FF /* CoreGraphics.framework in Frameworks */ = {isa = PBXBuildFile; fileRef = FD4184D2198E0E470031B9FF /* CoreGraphics.framework */; };
		FD4184D5198E0E470031B9FF /* UIKit.framework in Frameworks */ = {isa = PBXBuildFile; fileRef = FD4184D4198E0E470031B9FF /* UIKit.framework */; };
		FD4184DB198E0E470031B9FF /* InfoPlist.strings in Resources */ = {isa = PBXBuildFile; fileRef = FD4184D9198E0E470031B9FF /* InfoPlist.strings */; };
		FD4184DD198E0E470031B9FF /* main.m in Sources */ = {isa = PBXBuildFile; fileRef = FD4184DC198E0E470031B9FF /* main.m */; };
		FD4184E1198E0E470031B9FF /* GImgSearchAppDelegate.m in Sources */ = {isa = PBXBuildFile; fileRef = FD4184E0198E0E470031B9FF /* GImgSearchAppDelegate.m */; };
		FD4184E4198E0E470031B9FF /* Main.storyboard in Resources */ = {isa = PBXBuildFile; fileRef = FD4184E2198E0E470031B9FF /* Main.storyboard */; };
		FD4184E7198E0E470031B9FF /* GImgSearchViewController.m in Sources */ = {isa = PBXBuildFile; fileRef = FD4184E6198E0E470031B9FF /* GImgSearchViewController.m */; };
		FD4184E9198E0E470031B9FF /* Images.xcassets in Resources */ = {isa = PBXBuildFile; fileRef = FD4184E8198E0E470031B9FF /* Images.xcassets */; };
		FD4184F0198E0E470031B9FF /* XCTest.framework in Frameworks */ = {isa = PBXBuildFile; fileRef = FD4184EF198E0E470031B9FF /* XCTest.framework */; };
		FD4184F1198E0E470031B9FF /* Foundation.framework in Frameworks */ = {isa = PBXBuildFile; fileRef = FD4184D0198E0E470031B9FF /* Foundation.framework */; };
		FD4184F2198E0E470031B9FF /* UIKit.framework in Frameworks */ = {isa = PBXBuildFile; fileRef = FD4184D4198E0E470031B9FF /* UIKit.framework */; };
		FD4184FA198E0E470031B9FF /* InfoPlist.strings in Resources */ = {isa = PBXBuildFile; fileRef = FD4184F8198E0E470031B9FF /* InfoPlist.strings */; };
		FD4184FC198E0E470031B9FF /* GoogleImageSearchAppTests.m in Sources */ = {isa = PBXBuildFile; fileRef = FD4184FB198E0E470031B9FF /* GoogleImageSearchAppTests.m */; };
		FD41850B198E11E80031B9FF /* AsyncImageView.m in Sources */ = {isa = PBXBuildFile; fileRef = FD41850A198E11E80031B9FF /* AsyncImageView.m */; };
		FD41850F198E162E0031B9FF /* GImgSearchResult.m in Sources */ = {isa = PBXBuildFile; fileRef = FD41850E198E162E0031B9FF /* GImgSearchResult.m */; };
		FD418514198E1ABE0031B9FF /* GImgSearchImageCachingService.m in Sources */ = {isa = PBXBuildFile; fileRef = FD418513198E1ABE0031B9FF /* GImgSearchImageCachingService.m */; };
		FD418517198E20F60031B9FF /* GImgSearchFullResults.m in Sources */ = {isa = PBXBuildFile; fileRef = FD418516198E20F60031B9FF /* GImgSearchFullResults.m */; };
		FD41851A198E22A30031B9FF /* GImgSearchResultPage.m in Sources */ = {isa = PBXBuildFile; fileRef = FD418519198E22A30031B9FF /* GImgSearchResultPage.m */; };
		FD41851D198E23F20031B9FF /* GImgSearchFetchingService.m in Sources */ = {isa = PBXBuildFile; fileRef = FD41851C198E23F20031B9FF /* GImgSearchFetchingService.m */; };
/* End PBXBuildFile section */

/* Begin PBXContainerItemProxy section */
		FD4184F3198E0E470031B9FF /* PBXContainerItemProxy */ = {
			isa = PBXContainerItemProxy;
			containerPortal = FD4184C5198E0E470031B9FF /* Project object */;
			proxyType = 1;
			remoteGlobalIDString = FD4184CC198E0E470031B9FF;
			remoteInfo = GoogleImageSearchApp;
		};
/* End PBXContainerItemProxy section */

/* Begin PBXFileReference section */
		FD4184CD198E0E470031B9FF /* GoogleImageSearchApp.app */ = {isa = PBXFileReference; explicitFileType = wrapper.application; includeInIndex = 0; path = GoogleImageSearchApp.app; sourceTree = BUILT_PRODUCTS_DIR; };
		FD4184D0198E0E470031B9FF /* Foundation.framework */ = {isa = PBXFileReference; lastKnownFileType = wrapper.framework; name = Foundation.framework; path = System/Library/Frameworks/Foundation.framework; sourceTree = SDKROOT; };
		FD4184D2198E0E470031B9FF /* CoreGraphics.framework */ = {isa = PBXFileReference; lastKnownFileType = wrapper.framework; name = CoreGraphics.framework; path = System/Library/Frameworks/CoreGraphics.framework; sourceTree = SDKROOT; };
		FD4184D4198E0E470031B9FF /* UIKit.framework */ = {isa = PBXFileReference; lastKnownFileType = wrapper.framework; name = UIKit.framework; path = System/Library/Frameworks/UIKit.framework; sourceTree = SDKROOT; };
		FD4184D8198E0E470031B9FF /* GoogleImageSearchApp-Info.plist */ = {isa = PBXFileReference; lastKnownFileType = text.plist.xml; path = "GoogleImageSearchApp-Info.plist"; sourceTree = "<group>"; };
		FD4184DA198E0E470031B9FF /* en */ = {isa = PBXFileReference; lastKnownFileType = text.plist.strings; name = en; path = en.lproj/InfoPlist.strings; sourceTree = "<group>"; };
		FD4184DC198E0E470031B9FF /* main.m */ = {isa = PBXFileReference; lastKnownFileType = sourcecode.c.objc; path = main.m; sourceTree = "<group>"; };
		FD4184DE198E0E470031B9FF /* GoogleImageSearchApp-Prefix.pch */ = {isa = PBXFileReference; lastKnownFileType = sourcecode.c.h; path = "GoogleImageSearchApp-Prefix.pch"; sourceTree = "<group>"; };
		FD4184DF198E0E470031B9FF /* GImgSearchAppDelegate.h */ = {isa = PBXFileReference; lastKnownFileType = sourcecode.c.h; path = GImgSearchAppDelegate.h; sourceTree = "<group>"; };
		FD4184E0198E0E470031B9FF /* GImgSearchAppDelegate.m */ = {isa = PBXFileReference; lastKnownFileType = sourcecode.c.objc; path = GImgSearchAppDelegate.m; sourceTree = "<group>"; };
		FD4184E3198E0E470031B9FF /* Base */ = {isa = PBXFileReference; lastKnownFileType = file.storyboard; name = Base; path = Base.lproj/Main.storyboard; sourceTree = "<group>"; };
		FD4184E5198E0E470031B9FF /* GImgSearchViewController.h */ = {isa = PBXFileReference; lastKnownFileType = sourcecode.c.h; path = GImgSearchViewController.h; sourceTree = "<group>"; };
		FD4184E6198E0E470031B9FF /* GImgSearchViewController.m */ = {isa = PBXFileReference; lastKnownFileType = sourcecode.c.objc; path = GImgSearchViewController.m; sourceTree = "<group>"; };
		FD4184E8198E0E470031B9FF /* Images.xcassets */ = {isa = PBXFileReference; lastKnownFileType = folder.assetcatalog; path = Images.xcassets; sourceTree = "<group>"; };
		FD4184EE198E0E470031B9FF /* GoogleImageSearchAppTests.xctest */ = {isa = PBXFileReference; explicitFileType = wrapper.cfbundle; includeInIndex = 0; path = GoogleImageSearchAppTests.xctest; sourceTree = BUILT_PRODUCTS_DIR; };
		FD4184EF198E0E470031B9FF /* XCTest.framework */ = {isa = PBXFileReference; lastKnownFileType = wrapper.framework; name = XCTest.framework; path = Library/Frameworks/XCTest.framework; sourceTree = DEVELOPER_DIR; };
		FD4184F7198E0E470031B9FF /* GoogleImageSearchAppTests-Info.plist */ = {isa = PBXFileReference; lastKnownFileType = text.plist.xml; path = "GoogleImageSearchAppTests-Info.plist"; sourceTree = "<group>"; };
		FD4184F9198E0E470031B9FF /* en */ = {isa = PBXFileReference; lastKnownFileType = text.plist.strings; name = en; path = en.lproj/InfoPlist.strings; sourceTree = "<group>"; };
		FD4184FB198E0E470031B9FF /* GoogleImageSearchAppTests.m */ = {isa = PBXFileReference; lastKnownFileType = sourcecode.c.objc; path = GoogleImageSearchAppTests.m; sourceTree = "<group>"; };
		FD418509198E11E80031B9FF /* AsyncImageView.h */ = {isa = PBXFileReference; fileEncoding = 4; lastKnownFileType = sourcecode.c.h; path = AsyncImageView.h; sourceTree = "<group>"; };
		FD41850A198E11E80031B9FF /* AsyncImageView.m */ = {isa = PBXFileReference; fileEncoding = 4; lastKnownFileType = sourcecode.c.objc; path = AsyncImageView.m; sourceTree = "<group>"; };
		FD41850D198E162E0031B9FF /* GImgSearchResult.h */ = {isa = PBXFileReference; fileEncoding = 4; lastKnownFileType = sourcecode.c.h; path = GImgSearchResult.h; sourceTree = "<group>"; };
		FD41850E198E162E0031B9FF /* GImgSearchResult.m */ = {isa = PBXFileReference; fileEncoding = 4; lastKnownFileType = sourcecode.c.objc; path = GImgSearchResult.m; sourceTree = "<group>"; };
		FD418512198E1ABE0031B9FF /* GImgSearchImageCachingService.h */ = {isa = PBXFileReference; fileEncoding = 4; lastKnownFileType = sourcecode.c.h; name = GImgSearchImageCachingService.h; path = ../../GImgSearchImageCachingService.h; sourceTree = "<group>"; };
		FD418513198E1ABE0031B9FF /* GImgSearchImageCachingService.m */ = {isa = PBXFileReference; fileEncoding = 4; lastKnownFileType = sourcecode.c.objc; name = GImgSearchImageCachingService.m; path = ../../GImgSearchImageCachingService.m; sourceTree = "<group>"; };
		FD418515198E20F60031B9FF /* GImgSearchFullResults.h */ = {isa = PBXFileReference; fileEncoding = 4; lastKnownFileType = sourcecode.c.h; path = GImgSearchFullResults.h; sourceTree = "<group>"; };
		FD418516198E20F60031B9FF /* GImgSearchFullResults.m */ = {isa = PBXFileReference; fileEncoding = 4; lastKnownFileType = sourcecode.c.objc; path = GImgSearchFullResults.m; sourceTree = "<group>"; };
		FD418518198E22A30031B9FF /* GImgSearchResultPage.h */ = {isa = PBXFileReference; fileEncoding = 4; lastKnownFileType = sourcecode.c.h; path = GImgSearchResultPage.h; sourceTree = "<group>"; };
		FD418519198E22A30031B9FF /* GImgSearchResultPage.m */ = {isa = PBXFileReference; fileEncoding = 4; lastKnownFileType = sourcecode.c.objc; path = GImgSearchResultPage.m; sourceTree = "<group>"; };
		FD41851B198E23F20031B9FF /* GImgSearchFetchingService.h */ = {isa = PBXFileReference; fileEncoding = 4; lastKnownFileType = sourcecode.c.h; path = GImgSearchFetchingService.h; sourceTree = "<group>"; };
		FD41851C198E23F20031B9FF /* GImgSearchFetchingService.m */ = {isa = PBXFileReference; fileEncoding = 4; lastKnownFileType = sourcecode.c.objc; path = GImgSearchFetchingService.m; sourceTree = "<group>"; };
/* End PBXFileReference section */

/* Begin PBXFrameworksBuildPhase section */
		FD4184CA198E0E470031B9FF /* Frameworks */ = {
			isa = PBXFrameworksBuildPhase;
			buildActionMask = 2147483647;
			files = (
				FD4184D3198E0E470031B9FF /* CoreGraphics.framework in Frameworks */,
				FD4184D5198E0E470031B9FF /* UIKit.framework in Frameworks */,
				FD4184D1198E0E470031B9FF /* Foundation.framework in Frameworks */,
			);
			runOnlyForDeploymentPostprocessing = 0;
		};
		FD4184EB198E0E470031B9FF /* Frameworks */ = {
			isa = PBXFrameworksBuildPhase;
			buildActionMask = 2147483647;
			files = (
				FD4184F0198E0E470031B9FF /* XCTest.framework in Frameworks */,
				FD4184F2198E0E470031B9FF /* UIKit.framework in Frameworks */,
				FD4184F1198E0E470031B9FF /* Foundation.framework in Frameworks */,
			);
			runOnlyForDeploymentPostprocessing = 0;
		};
/* End PBXFrameworksBuildPhase section */

/* Begin PBXGroup section */
		FD4184C4198E0E470031B9FF = {
			isa = PBXGroup;
			children = (
				FD4184D6198E0E470031B9FF /* GoogleImageSearchApp */,
				FD4184F5198E0E470031B9FF /* GoogleImageSearchAppTests */,
				FD4184CF198E0E470031B9FF /* Frameworks */,
				FD4184CE198E0E470031B9FF /* Products */,
			);
			sourceTree = "<group>";
		};
		FD4184CE198E0E470031B9FF /* Products */ = {
			isa = PBXGroup;
			children = (
				FD4184CD198E0E470031B9FF /* GoogleImageSearchApp.app */,
				FD4184EE198E0E470031B9FF /* GoogleImageSearchAppTests.xctest */,
			);
			name = Products;
			sourceTree = "<group>";
		};
		FD4184CF198E0E470031B9FF /* Frameworks */ = {
			isa = PBXGroup;
			children = (
				FD4184D0198E0E470031B9FF /* Foundation.framework */,
				FD4184D2198E0E470031B9FF /* CoreGraphics.framework */,
				FD4184D4198E0E470031B9FF /* UIKit.framework */,
				FD4184EF198E0E470031B9FF /* XCTest.framework */,
			);
			name = Frameworks;
			sourceTree = "<group>";
		};
		FD4184D6198E0E470031B9FF /* GoogleImageSearchApp */ = {
			isa = PBXGroup;
			children = (
				FD418511198E1A930031B9FF /* services */,
				FD41850C198E12140031B9FF /* models */,
				FD418508198E11E80031B9FF /* views */,
				FD4184DF198E0E470031B9FF /* GImgSearchAppDelegate.h */,
				FD4184E0198E0E470031B9FF /* GImgSearchAppDelegate.m */,
				FD4184E2198E0E470031B9FF /* Main.storyboard */,
				FD4184E5198E0E470031B9FF /* GImgSearchViewController.h */,
				FD4184E6198E0E470031B9FF /* GImgSearchViewController.m */,
				FD4184E8198E0E470031B9FF /* Images.xcassets */,
				FD4184D7198E0E470031B9FF /* Supporting Files */,
			);
			path = GoogleImageSearchApp;
			sourceTree = "<group>";
		};
		FD4184D7198E0E470031B9FF /* Supporting Files */ = {
			isa = PBXGroup;
			children = (
				FD4184D8198E0E470031B9FF /* GoogleImageSearchApp-Info.plist */,
				FD4184D9198E0E470031B9FF /* InfoPlist.strings */,
				FD4184DC198E0E470031B9FF /* main.m */,
				FD4184DE198E0E470031B9FF /* GoogleImageSearchApp-Prefix.pch */,
			);
			name = "Supporting Files";
			sourceTree = "<group>";
		};
		FD4184F5198E0E470031B9FF /* GoogleImageSearchAppTests */ = {
			isa = PBXGroup;
			children = (
				FD4184FB198E0E470031B9FF /* GoogleImageSearchAppTests.m */,
				FD4184F6198E0E470031B9FF /* Supporting Files */,
			);
			path = GoogleImageSearchAppTests;
			sourceTree = "<group>";
		};
		FD4184F6198E0E470031B9FF /* Supporting Files */ = {
			isa = PBXGroup;
			children = (
				FD4184F7198E0E470031B9FF /* GoogleImageSearchAppTests-Info.plist */,
				FD4184F8198E0E470031B9FF /* InfoPlist.strings */,
			);
			name = "Supporting Files";
			sourceTree = "<group>";
		};
		FD418508198E11E80031B9FF /* views */ = {
			isa = PBXGroup;
			children = (
				FD418509198E11E80031B9FF /* AsyncImageView.h */,
				FD41850A198E11E80031B9FF /* AsyncImageView.m */,
			);
			path = views;
			sourceTree = "<group>";
		};
		FD41850C198E12140031B9FF /* models */ = {
			isa = PBXGroup;
			children = (
				FD41850D198E162E0031B9FF /* GImgSearchResult.h */,
				FD41850E198E162E0031B9FF /* GImgSearchResult.m */,
				FD418515198E20F60031B9FF /* GImgSearchFullResults.h */,
				FD418516198E20F60031B9FF /* GImgSearchFullResults.m */,
				FD418518198E22A30031B9FF /* GImgSearchResultPage.h */,
				FD418519198E22A30031B9FF /* GImgSearchResultPage.m */,
			);
			path = models;
			sourceTree = "<group>";
		};
		FD418511198E1A930031B9FF /* services */ = {
			isa = PBXGroup;
			children = (
				FD418512198E1ABE0031B9FF /* GImgSearchImageCachingService.h */,
				FD418513198E1ABE0031B9FF /* GImgSearchImageCachingService.m */,
				FD41851B198E23F20031B9FF /* GImgSearchFetchingService.h */,
				FD41851C198E23F20031B9FF /* GImgSearchFetchingService.m */,
			);
			path = services;
			sourceTree = "<group>";
		};
/* End PBXGroup section */

/* Begin PBXNativeTarget section */
		FD4184CC198E0E470031B9FF /* GoogleImageSearchApp */ = {
			isa = PBXNativeTarget;
			buildConfigurationList = FD4184FF198E0E470031B9FF /* Build configuration list for PBXNativeTarget "GoogleImageSearchApp" */;
			buildPhases = (
				FD4184C9198E0E470031B9FF /* Sources */,
				FD4184CA198E0E470031B9FF /* Frameworks */,
				FD4184CB198E0E470031B9FF /* Resources */,
			);
			buildRules = (
			);
			dependencies = (
			);
			name = GoogleImageSearchApp;
			productName = GoogleImageSearchApp;
			productReference = FD4184CD198E0E470031B9FF /* GoogleImageSearchApp.app */;
			productType = "com.apple.product-type.application";
		};
		FD4184ED198E0E470031B9FF /* GoogleImageSearchAppTests */ = {
			isa = PBXNativeTarget;
			buildConfigurationList = FD418502198E0E470031B9FF /* Build configuration list for PBXNativeTarget "GoogleImageSearchAppTests" */;
			buildPhases = (
				FD4184EA198E0E470031B9FF /* Sources */,
				FD4184EB198E0E470031B9FF /* Frameworks */,
				FD4184EC198E0E470031B9FF /* Resources */,
			);
			buildRules = (
			);
			dependencies = (
				FD4184F4198E0E470031B9FF /* PBXTargetDependency */,
			);
			name = GoogleImageSearchAppTests;
			productName = GoogleImageSearchAppTests;
			productReference = FD4184EE198E0E470031B9FF /* GoogleImageSearchAppTests.xctest */;
			productType = "com.apple.product-type.bundle.unit-test";
		};
/* End PBXNativeTarget section */

/* Begin PBXProject section */
		FD4184C5198E0E470031B9FF /* Project object */ = {
			isa = PBXProject;
			attributes = {
				CLASSPREFIX = GImgSearch;
				LastUpgradeCheck = 0510;
				ORGANIZATIONNAME = "Satish Asok";
				TargetAttributes = {
					FD4184ED198E0E470031B9FF = {
						TestTargetID = FD4184CC198E0E470031B9FF;
					};
				};
			};
			buildConfigurationList = FD4184C8198E0E470031B9FF /* Build configuration list for PBXProject "GoogleImageSearchApp" */;
			compatibilityVersion = "Xcode 3.2";
			developmentRegion = English;
			hasScannedForEncodings = 0;
			knownRegions = (
				en,
				Base,
			);
			mainGroup = FD4184C4198E0E470031B9FF;
			productRefGroup = FD4184CE198E0E470031B9FF /* Products */;
			projectDirPath = "";
			projectRoot = "";
			targets = (
				FD4184CC198E0E470031B9FF /* GoogleImageSearchApp */,
				FD4184ED198E0E470031B9FF /* GoogleImageSearchAppTests */,
			);
		};
/* End PBXProject section */

/* Begin PBXResourcesBuildPhase section */
		FD4184CB198E0E470031B9FF /* Resources */ = {
			isa = PBXResourcesBuildPhase;
			buildActionMask = 2147483647;
			files = (
				FD4184E9198E0E470031B9FF /* Images.xcassets in Resources */,
				FD4184DB198E0E470031B9FF /* InfoPlist.strings in Resources */,
				FD4184E4198E0E470031B9FF /* Main.storyboard in Resources */,
			);
			runOnlyForDeploymentPostprocessing = 0;
		};
		FD4184EC198E0E470031B9FF /* Resources */ = {
			isa = PBXResourcesBuildPhase;
			buildActionMask = 2147483647;
			files = (
				FD4184FA198E0E470031B9FF /* InfoPlist.strings in Resources */,
			);
			runOnlyForDeploymentPostprocessing = 0;
		};
/* End PBXResourcesBuildPhase section */

/* Begin PBXSourcesBuildPhase section */
		FD4184C9198E0E470031B9FF /* Sources */ = {
			isa = PBXSourcesBuildPhase;
			buildActionMask = 2147483647;
			files = (
				FD41850F198E162E0031B9FF /* GImgSearchResult.m in Sources */,
				FD4184E7198E0E470031B9FF /* GImgSearchViewController.m in Sources */,
				FD4184E1198E0E470031B9FF /* GImgSearchAppDelegate.m in Sources */,
				FD418517198E20F60031B9FF /* GImgSearchFullResults.m in Sources */,
				FD418514198E1ABE0031B9FF /* GImgSearchImageCachingService.m in Sources */,
				FD4184DD198E0E470031B9FF /* main.m in Sources */,
				FD41850B198E11E80031B9FF /* AsyncImageView.m in Sources */,
				FD41851A198E22A30031B9FF /* GImgSearchResultPage.m in Sources */,
				FD41851D198E23F20031B9FF /* GImgSearchFetchingService.m in Sources */,
			);
			runOnlyForDeploymentPostprocessing = 0;
		};
		FD4184EA198E0E470031B9FF /* Sources */ = {
			isa = PBXSourcesBuildPhase;
			buildActionMask = 2147483647;
			files = (
				FD4184FC198E0E470031B9FF /* GoogleImageSearchAppTests.m in Sources */,
			);
			runOnlyForDeploymentPostprocessing = 0;
		};
/* End PBXSourcesBuildPhase section */

/* Begin PBXTargetDependency section */
		FD4184F4198E0E470031B9FF /* PBXTargetDependency */ = {
			isa = PBXTargetDependency;
			target = FD4184CC198E0E470031B9FF /* GoogleImageSearchApp */;
			targetProxy = FD4184F3198E0E470031B9FF /* PBXContainerItemProxy */;
		};
/* End PBXTargetDependency section */

/* Begin PBXVariantGroup section */
		FD4184D9198E0E470031B9FF /* InfoPlist.strings */ = {
			isa = PBXVariantGroup;
			children = (
				FD4184DA198E0E470031B9FF /* en */,
			);
			name = InfoPlist.strings;
			sourceTree = "<group>";
		};
		FD4184E2198E0E470031B9FF /* Main.storyboard */ = {
			isa = PBXVariantGroup;
			children = (
				FD4184E3198E0E470031B9FF /* Base */,
			);
			name = Main.storyboard;
			sourceTree = "<group>";
		};
		FD4184F8198E0E470031B9FF /* InfoPlist.strings */ = {
			isa = PBXVariantGroup;
			children = (
				FD4184F9198E0E470031B9FF /* en */,
			);
			name = InfoPlist.strings;
			sourceTree = "<group>";
		};
/* End PBXVariantGroup section */

/* Begin XCBuildConfiguration section */
		FD4184FD198E0E470031B9FF /* Debug */ = {
			isa = XCBuildConfiguration;
			buildSettings = {
				ALWAYS_SEARCH_USER_PATHS = NO;
				CLANG_CXX_LANGUAGE_STANDARD = "gnu++0x";
				CLANG_CXX_LIBRARY = "libc++";
				CLANG_ENABLE_MODULES = YES;
				CLANG_ENABLE_OBJC_ARC = YES;
				CLANG_WARN_BOOL_CONVERSION = YES;
				CLANG_WARN_CONSTANT_CONVERSION = YES;
				CLANG_WARN_DIRECT_OBJC_ISA_USAGE = YES_ERROR;
				CLANG_WARN_EMPTY_BODY = YES;
				CLANG_WARN_ENUM_CONVERSION = YES;
				CLANG_WARN_INT_CONVERSION = YES;
				CLANG_WARN_OBJC_ROOT_CLASS = YES_ERROR;
				CLANG_WARN__DUPLICATE_METHOD_MATCH = YES;
				"CODE_SIGN_IDENTITY[sdk=iphoneos*]" = "iPhone Developer";
				COPY_PHASE_STRIP = NO;
				GCC_C_LANGUAGE_STANDARD = gnu99;
				GCC_DYNAMIC_NO_PIC = NO;
				GCC_OPTIMIZATION_LEVEL = 0;
				GCC_PREPROCESSOR_DEFINITIONS = (
					"DEBUG=1",
					"$(inherited)",
				);
				GCC_SYMBOLS_PRIVATE_EXTERN = NO;
				GCC_WARN_64_TO_32_BIT_CONVERSION = YES;
				GCC_WARN_ABOUT_RETURN_TYPE = YES_ERROR;
				GCC_WARN_UNDECLARED_SELECTOR = YES;
				GCC_WARN_UNINITIALIZED_AUTOS = YES_AGGRESSIVE;
				GCC_WARN_UNUSED_FUNCTION = YES;
				GCC_WARN_UNUSED_VARIABLE = YES;
				IPHONEOS_DEPLOYMENT_TARGET = 7.1;
				ONLY_ACTIVE_ARCH = YES;
				SDKROOT = iphoneos;
			};
			name = Debug;
		};
		FD4184FE198E0E470031B9FF /* Release */ = {
			isa = XCBuildConfiguration;
			buildSettings = {
				ALWAYS_SEARCH_USER_PATHS = NO;
				CLANG_CXX_LANGUAGE_STANDARD = "gnu++0x";
				CLANG_CXX_LIBRARY = "libc++";
				CLANG_ENABLE_MODULES = YES;
				CLANG_ENABLE_OBJC_ARC = YES;
				CLANG_WARN_BOOL_CONVERSION = YES;
				CLANG_WARN_CONSTANT_CONVERSION = YES;
				CLANG_WARN_DIRECT_OBJC_ISA_USAGE = YES_ERROR;
				CLANG_WARN_EMPTY_BODY = YES;
				CLANG_WARN_ENUM_CONVERSION = YES;
				CLANG_WARN_INT_CONVERSION = YES;
				CLANG_WARN_OBJC_ROOT_CLASS = YES_ERROR;
				CLANG_WARN__DUPLICATE_METHOD_MATCH = YES;
				"CODE_SIGN_IDENTITY[sdk=iphoneos*]" = "iPhone Developer";
				COPY_PHASE_STRIP = YES;
				ENABLE_NS_ASSERTIONS = NO;
				GCC_C_LANGUAGE_STANDARD = gnu99;
				GCC_WARN_64_TO_32_BIT_CONVERSION = YES;
				GCC_WARN_ABOUT_RETURN_TYPE = YES_ERROR;
				GCC_WARN_UNDECLARED_SELECTOR = YES;
				GCC_WARN_UNINITIALIZED_AUTOS = YES_AGGRESSIVE;
				GCC_WARN_UNUSED_FUNCTION = YES;
				GCC_WARN_UNUSED_VARIABLE = YES;
				IPHONEOS_DEPLOYMENT_TARGET = 7.1;
				SDKROOT = iphoneos;
				VALIDATE_PRODUCT = YES;
			};
			name = Release;
		};
		FD418500198E0E470031B9FF /* Debug */ = {
			isa = XCBuildConfiguration;
			buildSettings = {
				ASSETCATALOG_COMPILER_APPICON_NAME = AppIcon;
				ASSETCATALOG_COMPILER_LAUNCHIMAGE_NAME = LaunchImage;
				GCC_PRECOMPILE_PREFIX_HEADER = YES;
				GCC_PREFIX_HEADER = "GoogleImageSearchApp/GoogleImageSearchApp-Prefix.pch";
				INFOPLIST_FILE = "GoogleImageSearchApp/GoogleImageSearchApp-Info.plist";
				IPHONEOS_DEPLOYMENT_TARGET = 7.0;
				PRODUCT_NAME = "$(TARGET_NAME)";
				WRAPPER_EXTENSION = app;
			};
			name = Debug;
		};
		FD418501198E0E470031B9FF /* Release */ = {
			isa = XCBuildConfiguration;
			buildSettings = {
				ASSETCATALOG_COMPILER_APPICON_NAME = AppIcon;
				ASSETCATALOG_COMPILER_LAUNCHIMAGE_NAME = LaunchImage;
				GCC_PRECOMPILE_PREFIX_HEADER = YES;
				GCC_PREFIX_HEADER = "GoogleImageSearchApp/GoogleImageSearchApp-Prefix.pch";
				INFOPLIST_FILE = "GoogleImageSearchApp/GoogleImageSearchApp-Info.plist";
				IPHONEOS_DEPLOYMENT_TARGET = 7.0;
				PRODUCT_NAME = "$(TARGET_NAME)";
				WRAPPER_EXTENSION = app;
			};
			name = Release;
		};
		FD418503198E0E470031B9FF /* Debug */ = {
			isa = XCBuildConfiguration;
			buildSettings = {
				BUNDLE_LOADER = "$(BUILT_PRODUCTS_DIR)/GoogleImageSearchApp.app/GoogleImageSearchApp";
				FRAMEWORK_SEARCH_PATHS = (
					"$(SDKROOT)/Developer/Library/Frameworks",
					"$(inherited)",
					"$(DEVELOPER_FRAMEWORKS_DIR)",
				);
				GCC_PRECOMPILE_PREFIX_HEADER = YES;
				GCC_PREFIX_HEADER = "GoogleImageSearchApp/GoogleImageSearchApp-Prefix.pch";
				GCC_PREPROCESSOR_DEFINITIONS = (
					"DEBUG=1",
					"$(inherited)",
				);
				INFOPLIST_FILE = "GoogleImageSearchAppTests/GoogleImageSearchAppTests-Info.plist";
				PRODUCT_NAME = "$(TARGET_NAME)";
				TEST_HOST = "$(BUNDLE_LOADER)";
				WRAPPER_EXTENSION = xctest;
			};
			name = Debug;
		};
		FD418504198E0E470031B9FF /* Release */ = {
			isa = XCBuildConfiguration;
			buildSettings = {
				BUNDLE_LOADER = "$(BUILT_PRODUCTS_DIR)/GoogleImageSearchApp.app/GoogleImageSearchApp";
				FRAMEWORK_SEARCH_PATHS = (
					"$(SDKROOT)/Developer/Library/Frameworks",
					"$(inherited)",
					"$(DEVELOPER_FRAMEWORKS_DIR)",
				);
				GCC_PRECOMPILE_PREFIX_HEADER = YES;
				GCC_PREFIX_HEADER = "GoogleImageSearchApp/GoogleImageSearchApp-Prefix.pch";
				INFOPLIST_FILE = "GoogleImageSearchAppTests/GoogleImageSearchAppTests-Info.plist";
				PRODUCT_NAME = "$(TARGET_NAME)";
				TEST_HOST = "$(BUNDLE_LOADER)";
				WRAPPER_EXTENSION = xctest;
			};
			name = Release;
		};
/* End XCBuildConfiguration section */

/* Begin XCConfigurationList section */
		FD4184C8198E0E470031B9FF /* Build configuration list for PBXProject "GoogleImageSearchApp" */ = {
			isa = XCConfigurationList;
			buildConfigurations = (
				FD4184FD198E0E470031B9FF /* Debug */,
				FD4184FE198E0E470031B9FF /* Release */,
			);
			defaultConfigurationIsVisible = 0;
			defaultConfigurationName = Release;
		};
		FD4184FF198E0E470031B9FF /* Build configuration list for PBXNativeTarget "GoogleImageSearchApp" */ = {
			isa = XCConfigurationList;
			buildConfigurations = (
				FD418500198E0E470031B9FF /* Debug */,
				FD418501198E0E470031B9FF /* Release */,
			);
			defaultConfigurationIsVisible = 0;
		};
		FD418502198E0E470031B9FF /* Build configuration list for PBXNativeTarget "GoogleImageSearchAppTests" */ = {
			isa = XCConfigurationList;
			buildConfigurations = (
				FD418503198E0E470031B9FF /* Debug */,
				FD418504198E0E470031B9FF /* Release */,
			);
			defaultConfigurationIsVisible = 0;
		};
/* End XCConfigurationList section */
	};
	rootObject = FD4184C5198E0E470031B9FF /* Project object */;
}
